
Microsoft Visual Studio Solution File, Format Version 12.00
# Visual Studio Version 16
VisualStudioVersion = 16.0.31402.337
MinimumVisualStudioVersion = 10.0.40219.1
Project("{9A19103F-16F7-4668-BE54-9A1E7A4F7556}") = "Ren.Net", "Ren.Net\Ren.Net.csproj", "{A23334F4-73E2-4467-BACC-063A82B2DBEA}"
EndProject
Project("{9A19103F-16F7-4668-BE54-9A1E7A4F7556}") = "Ren.Net.Test", "Ren.Net.Test\Ren.Net.Test.csproj", "{C7ACC879-94DE-4B12-AB22-B817ED38B002}"
EndProject
Project("{9A19103F-16F7-4668-BE54-9A1E7A4F7556}") = "Ren.Net.UnitTest", "Ren.Net.UnitTest\Ren.Net.UnitTest.csproj", "{342246FA-6BA3-4B2A-B03B-DD44D4E4B77D}"
EndProject
Project("{FAE04EC0-301F-11D3-BF4B-00C04F79EFBC}") = "Ren.Gpu", "Ren.Gpu\Ren.Gpu.csproj", "{6E0C895B-C620-4D0D-B3D8-2AEA063400F4}"
EndProject
Project("{FAE04EC0-301F-11D3-BF4B-00C04F79EFBC}") = "Ren.Device", "Ren.Device\Ren.Device.csproj", "{F2BF5FC0-46A8-48EC-AFD2-DF213A69DE4C}"
EndProject
Global
	GlobalSection(SolutionConfigurationPlatforms) = preSolution
		Debug|Any CPU = Debug|Any CPU
		Release|Any CPU = Release|Any CPU
	EndGlobalSection
	GlobalSection(ProjectConfigurationPlatforms) = postSolution
		{A23334F4-73E2-4467-BACC-063A82B2DBEA}.Debug|Any CPU.ActiveCfg = Debug|Any CPU
		{A23334F4-73E2-4467-BACC-063A82B2DBEA}.Debug|Any CPU.Build.0 = Debug|Any CPU
		{A23334F4-73E2-4467-BACC-063A82B2DBEA}.Release|Any CPU.ActiveCfg = Release|Any CPU
		{A23334F4-73E2-4467-BACC-063A82B2DBEA}.Release|Any CPU.Build.0 = Release|Any CPU
		{C7ACC879-94DE-4B12-AB22-B817ED38B002}.Debug|Any CPU.ActiveCfg = Debug|Any CPU
		{C7ACC879-94DE-4B12-AB22-B817ED38B002}.Debug|Any CPU.Build.0 = Debug|Any CPU
		{C7ACC879-94DE-4B12-AB22-B817ED38B002}.Release|Any CPU.ActiveCfg = Release|Any CPU
		{C7ACC879-94DE-4B12-AB22-B817ED38B002}.Release|Any CPU.Build.0 = Release|Any CPU
		{342246FA-6BA3-4B2A-B03B-DD44D4E4B77D}.Debug|Any CPU.ActiveCfg = Debug|Any CPU
		{342246FA-6BA3-4B2A-B03B-DD44D4E4B77D}.Debug|Any CPU.Build.0 = Debug|Any CPU
		{342246FA-6BA3-4B2A-B03B-DD44D4E4B77D}.Release|Any CPU.ActiveCfg = Release|Any CPU
		{342246FA-6BA3-4B2A-B03B-DD44D4E4B77D}.Release|Any CPU.Build.0 = Release|Any CPU
		{6E0C895B-C620-4D0D-B3D8-2AEA063400F4}.Debug|Any CPU.ActiveCfg = Debug|Any CPU
		{6E0C895B-C620-4D0D-B3D8-2AEA063400F4}.Debug|Any CPU.Build.0 = Debug|Any CPU
		{6E0C895B-C620-4D0D-B3D8-2AEA063400F4}.Release|Any CPU.ActiveCfg = Release|Any CPU
		{6E0C895B-C620-4D0D-B3D8-2AEA063400F4}.Release|Any CPU.Build.0 = Release|Any CPU
		{F2BF5FC0-46A8-48EC-AFD2-DF213A69DE4C}.Debug|Any CPU.ActiveCfg = Debug|Any CPU
		{F2BF5FC0-46A8-48EC-AFD2-DF213A69DE4C}.Debug|Any CPU.Build.0 = Debug|Any CPU
		{F2BF5FC0-46A8-48EC-AFD2-DF213A69DE4C}.Release|Any CPU.ActiveCfg = Release|Any CPU
		{F2BF5FC0-46A8-48EC-AFD2-DF213A69DE4C}.Release|Any CPU.Build.0 = Release|Any CPU
	EndGlobalSection
	GlobalSection(SolutionProperties) = preSolution
		HideSolutionNode = FALSE
	EndGlobalSection
	GlobalSection(ExtensibilityGlobals) = postSolution
		SolutionGuid = {5590011C-3A4E-4C48-9AE3-E552BD503B09}
	EndGlobalSection
EndGlobal
